
Microsoft Visual Studio Solution File, Format Version 12.00
# Visual Studio 15
VisualStudioVersion = 15.0.28307.271
MinimumVisualStudioVersion = 10.0.40219.1
Project("{FAE04EC0-301F-11D3-BF4B-00C04F79EFBC}") = "SimpleApi", "SimpleApi\SimpleApi.csproj", "{37082966-9188-4510-A13F-35998EB6DF9E}"
EndProject
Global
	GlobalSection(SolutionConfigurationPlatforms) = preSolution
		Debug|Any CPU = Debug|Any CPU
		Release|Any CPU = Release|Any CPU
	EndGlobalSection
	GlobalSection(ProjectConfigurationPlatforms) = postSolution
		{37082966-9188-4510-A13F-35998EB6DF9E}.Debug|Any CPU.ActiveCfg = Debug|Any CPU
		{37082966-9188-4510-A13F-35998EB6DF9E}.Debug|Any CPU.Build.0 = Debug|Any CPU
		{37082966-9188-4510-A13F-35998EB6DF9E}.Release|Any CPU.ActiveCfg = Release|Any CPU
		{37082966-9188-4510-A13F-35998EB6DF9E}.Release|Any CPU.Build.0 = Release|Any CPU
	EndGlobalSection
	GlobalSection(SolutionProperties) = preSolution
		HideSolutionNode = FALSE
	EndGlobalSection
	GlobalSection(ExtensibilityGlobals) = postSolution
		SolutionGuid = {CED00C00-B283-42BA-A70F-1F8E62E5FF3C}
	EndGlobalSection
EndGlobal
